// !$*UTF8*$!
{
	archiveVersion = 1;
	classes = {
	};
	objectVersion = 46;
	objects = {

/* Begin PBXBuildFile section */
		6CB427D11B9509D600786ADD /* main.m in Sources */ = {isa = PBXBuildFile; fileRef = 6CB427D01B9509D600786ADD /* main.m */; };
		6CB427D41B9509D600786ADD /* AppDelegate.m in Sources */ = {isa = PBXBuildFile; fileRef = 6CB427D31B9509D600786ADD /* AppDelegate.m */; };
		6CB427D71B9509D600786ADD /* ViewController.m in Sources */ = {isa = PBXBuildFile; fileRef = 6CB427D61B9509D600786ADD /* ViewController.m */; };
		6CB427DA1B9509D600786ADD /* Main.storyboard in Resources */ = {isa = PBXBuildFile; fileRef = 6CB427D81B9509D600786ADD /* Main.storyboard */; };
		6CB427DC1B9509D600786ADD /* Images.xcassets in Resources */ = {isa = PBXBuildFile; fileRef = 6CB427DB1B9509D600786ADD /* Images.xcassets */; };
		6CB427DF1B9509D600786ADD /* LaunchScreen.xib in Resources */ = {isa = PBXBuildFile; fileRef = 6CB427DD1B9509D600786ADD /* LaunchScreen.xib */; };
		6CB427EB1B9509D600786ADD /* sead40_hw5Tests.m in Sources */ = {isa = PBXBuildFile; fileRef = 6CB427EA1B9509D600786ADD /* sead40_hw5Tests.m */; };
		6CB427F51B950C6E00786ADD /* MapKit.framework in Frameworks */ = {isa = PBXBuildFile; fileRef = 6CB427F41B950C6E00786ADD /* MapKit.framework */; };
		6CB427FC1B9524C400786ADD /* Person.m in Sources */ = {isa = PBXBuildFile; fileRef = 6CB427FB1B9524C400786ADD /* Person.m */; };
		6CB427FE1B9525C000786ADD /* Parse.framework in Frameworks */ = {isa = PBXBuildFile; fileRef = 6CB427FD1B9525C000786ADD /* Parse.framework */; };
		6CB428001B9525C800786ADD /* Bolts.framework in Frameworks */ = {isa = PBXBuildFile; fileRef = 6CB427FF1B9525C800786ADD /* Bolts.framework */; };
		6CB428021B9525D400786ADD /* ParseUI.framework in Frameworks */ = {isa = PBXBuildFile; fileRef = 6CB428011B9525D400786ADD /* ParseUI.framework */; };
		6CB428051B960E6000786ADD /* Queue.m in Sources */ = {isa = PBXBuildFile; fileRef = 6CB428041B960E6000786ADD /* Queue.m */; };
		6CB428081B96150400786ADD /* Stack.m in Sources */ = {isa = PBXBuildFile; fileRef = 6CB428071B96150400786ADD /* Stack.m */; };
		6CB4280A1B961BF900786ADD /* CoreLocation.framework in Frameworks */ = {isa = PBXBuildFile; fileRef = 6CB428091B961BF900786ADD /* CoreLocation.framework */; };
		6CB4280F1B96265F00786ADD /* CFNetwork.framework in Frameworks */ = {isa = PBXBuildFile; fileRef = 6CB4280D1B96263A00786ADD /* CFNetwork.framework */; };
		6CB428101B96266800786ADD /* AudioToolbox.framework in Frameworks */ = {isa = PBXBuildFile; fileRef = 6CB4280B1B96263100786ADD /* AudioToolbox.framework */; };
		6CB428131B96268100786ADD /* CoreGraphics.framework in Frameworks */ = {isa = PBXBuildFile; fileRef = 6CB428111B96267300786ADD /* CoreGraphics.framework */; };
		6CB428161B9626A800786ADD /* QuartzCore.framework in Frameworks */ = {isa = PBXBuildFile; fileRef = 6CB428141B96269E00786ADD /* QuartzCore.framework */; };
		6CB428191B9626BF00786ADD /* Security.framework in Frameworks */ = {isa = PBXBuildFile; fileRef = 6CB428171B9626B300786ADD /* Security.framework */; };
		6CB4281C1B9626D900786ADD /* StoreKit.framework in Frameworks */ = {isa = PBXBuildFile; fileRef = 6CB4281A1B9626CB00786ADD /* StoreKit.framework */; };
		6CB4281F1B9626F700786ADD /* SystemConfiguration.framework in Frameworks */ = {isa = PBXBuildFile; fileRef = 6CB4281D1B9626E800786ADD /* SystemConfiguration.framework */; };
		6CB428211B96270300786ADD /* libz.dylib in Frameworks */ = {isa = PBXBuildFile; fileRef = 6CB428201B96270300786ADD /* libz.dylib */; };
		6CB428231B96271B00786ADD /* libsqlite3.dylib in Frameworks */ = {isa = PBXBuildFile; fileRef = 6CB428221B96271B00786ADD /* libsqlite3.dylib */; };
		6CB428261B96273E00786ADD /* Accounts.framework in Frameworks */ = {isa = PBXBuildFile; fileRef = 6CB428241B96273400786ADD /* Accounts.framework */; };
		6CB428291B96275500786ADD /* Social.framework in Frameworks */ = {isa = PBXBuildFile; fileRef = 6CB428271B96274800786ADD /* Social.framework */; };
/* End PBXBuildFile section */

/* Begin PBXContainerItemProxy section */
		6CB427E51B9509D600786ADD /* PBXContainerItemProxy */ = {
			isa = PBXContainerItemProxy;
			containerPortal = 6CB427C31B9509D600786ADD /* Project object */;
			proxyType = 1;
			remoteGlobalIDString = 6CB427CA1B9509D600786ADD;
			remoteInfo = sead40_hw5;
		};
/* End PBXContainerItemProxy section */

/* Begin PBXFileReference section */
		6CB427CB1B9509D600786ADD /* sead40_hw5.app */ = {isa = PBXFileReference; explicitFileType = wrapper.application; includeInIndex = 0; path = sead40_hw5.app; sourceTree = BUILT_PRODUCTS_DIR; };
		6CB427CF1B9509D600786ADD /* Info.plist */ = {isa = PBXFileReference; lastKnownFileType = text.plist.xml; path = Info.plist; sourceTree = "<group>"; };
		6CB427D01B9509D600786ADD /* main.m */ = {isa = PBXFileReference; lastKnownFileType = sourcecode.c.objc; path = main.m; sourceTree = "<group>"; };
		6CB427D21B9509D600786ADD /* AppDelegate.h */ = {isa = PBXFileReference; lastKnownFileType = sourcecode.c.h; path = AppDelegate.h; sourceTree = "<group>"; };
		6CB427D31B9509D600786ADD /* AppDelegate.m */ = {isa = PBXFileReference; lastKnownFileType = sourcecode.c.objc; path = AppDelegate.m; sourceTree = "<group>"; };
		6CB427D51B9509D600786ADD /* ViewController.h */ = {isa = PBXFileReference; lastKnownFileType = sourcecode.c.h; path = ViewController.h; sourceTree = "<group>"; };
		6CB427D61B9509D600786ADD /* ViewController.m */ = {isa = PBXFileReference; lastKnownFileType = sourcecode.c.objc; path = ViewController.m; sourceTree = "<group>"; };
		6CB427D91B9509D600786ADD /* Base */ = {isa = PBXFileReference; lastKnownFileType = file.storyboard; name = Base; path = Base.lproj/Main.storyboard; sourceTree = "<group>"; };
		6CB427DB1B9509D600786ADD /* Images.xcassets */ = {isa = PBXFileReference; lastKnownFileType = folder.assetcatalog; path = Images.xcassets; sourceTree = "<group>"; };
		6CB427DE1B9509D600786ADD /* Base */ = {isa = PBXFileReference; lastKnownFileType = file.xib; name = Base; path = Base.lproj/LaunchScreen.xib; sourceTree = "<group>"; };
		6CB427E41B9509D600786ADD /* sead40_hw5Tests.xctest */ = {isa = PBXFileReference; explicitFileType = wrapper.cfbundle; includeInIndex = 0; path = sead40_hw5Tests.xctest; sourceTree = BUILT_PRODUCTS_DIR; };
		6CB427E91B9509D600786ADD /* Info.plist */ = {isa = PBXFileReference; lastKnownFileType = text.plist.xml; path = Info.plist; sourceTree = "<group>"; };
		6CB427EA1B9509D600786ADD /* sead40_hw5Tests.m */ = {isa = PBXFileReference; lastKnownFileType = sourcecode.c.objc; path = sead40_hw5Tests.m; sourceTree = "<group>"; };
		6CB427F41B950C6E00786ADD /* MapKit.framework */ = {isa = PBXFileReference; lastKnownFileType = wrapper.framework; name = MapKit.framework; path = System/Library/Frameworks/MapKit.framework; sourceTree = SDKROOT; };
		6CB427FA1B9524C400786ADD /* Person.h */ = {isa = PBXFileReference; fileEncoding = 4; lastKnownFileType = sourcecode.c.h; path = Person.h; sourceTree = "<group>"; };
		6CB427FB1B9524C400786ADD /* Person.m */ = {isa = PBXFileReference; fileEncoding = 4; lastKnownFileType = sourcecode.c.objc; path = Person.m; sourceTree = "<group>"; };
		6CB427FD1B9525C000786ADD /* Parse.framework */ = {isa = PBXFileReference; lastKnownFileType = wrapper.framework; path = Parse.framework; sourceTree = "<group>"; };
		6CB427FF1B9525C800786ADD /* Bolts.framework */ = {isa = PBXFileReference; lastKnownFileType = wrapper.framework; path = Bolts.framework; sourceTree = "<group>"; };
		6CB428011B9525D400786ADD /* ParseUI.framework */ = {isa = PBXFileReference; lastKnownFileType = wrapper.framework; path = ParseUI.framework; sourceTree = "<group>"; };
		6CB428031B960E6000786ADD /* Queue.h */ = {isa = PBXFileReference; fileEncoding = 4; lastKnownFileType = sourcecode.c.h; path = Queue.h; sourceTree = "<group>"; };
		6CB428041B960E6000786ADD /* Queue.m */ = {isa = PBXFileReference; fileEncoding = 4; lastKnownFileType = sourcecode.c.objc; path = Queue.m; sourceTree = "<group>"; };
		6CB428061B96150400786ADD /* Stack.h */ = {isa = PBXFileReference; fileEncoding = 4; lastKnownFileType = sourcecode.c.h; path = Stack.h; sourceTree = "<group>"; };
		6CB428071B96150400786ADD /* Stack.m */ = {isa = PBXFileReference; fileEncoding = 4; lastKnownFileType = sourcecode.c.objc; path = Stack.m; sourceTree = "<group>"; };
		6CB428091B961BF900786ADD /* CoreLocation.framework */ = {isa = PBXFileReference; lastKnownFileType = wrapper.framework; name = CoreLocation.framework; path = System/Library/Frameworks/CoreLocation.framework; sourceTree = SDKROOT; };
		6CB4280B1B96263100786ADD /* AudioToolbox.framework */ = {isa = PBXFileReference; lastKnownFileType = wrapper.framework; name = AudioToolbox.framework; path = System/Library/Frameworks/AudioToolbox.framework; sourceTree = SDKROOT; };
		6CB4280D1B96263A00786ADD /* CFNetwork.framework */ = {isa = PBXFileReference; lastKnownFileType = wrapper.framework; name = CFNetwork.framework; path = System/Library/Frameworks/CFNetwork.framework; sourceTree = SDKROOT; };
		6CB428111B96267300786ADD /* CoreGraphics.framework */ = {isa = PBXFileReference; lastKnownFileType = wrapper.framework; name = CoreGraphics.framework; path = System/Library/Frameworks/CoreGraphics.framework; sourceTree = SDKROOT; };
		6CB428141B96269E00786ADD /* QuartzCore.framework */ = {isa = PBXFileReference; lastKnownFileType = wrapper.framework; name = QuartzCore.framework; path = System/Library/Frameworks/QuartzCore.framework; sourceTree = SDKROOT; };
		6CB428171B9626B300786ADD /* Security.framework */ = {isa = PBXFileReference; lastKnownFileType = wrapper.framework; name = Security.framework; path = System/Library/Frameworks/Security.framework; sourceTree = SDKROOT; };
		6CB4281A1B9626CB00786ADD /* StoreKit.framework */ = {isa = PBXFileReference; lastKnownFileType = wrapper.framework; name = StoreKit.framework; path = System/Library/Frameworks/StoreKit.framework; sourceTree = SDKROOT; };
		6CB4281D1B9626E800786ADD /* SystemConfiguration.framework */ = {isa = PBXFileReference; lastKnownFileType = wrapper.framework; name = SystemConfiguration.framework; path = System/Library/Frameworks/SystemConfiguration.framework; sourceTree = SDKROOT; };
		6CB428201B96270300786ADD /* libz.dylib */ = {isa = PBXFileReference; lastKnownFileType = "compiled.mach-o.dylib"; name = libz.dylib; path = usr/lib/libz.dylib; sourceTree = SDKROOT; };
		6CB428221B96271B00786ADD /* libsqlite3.dylib */ = {isa = PBXFileReference; lastKnownFileType = "compiled.mach-o.dylib"; name = libsqlite3.dylib; path = usr/lib/libsqlite3.dylib; sourceTree = SDKROOT; };
		6CB428241B96273400786ADD /* Accounts.framework */ = {isa = PBXFileReference; lastKnownFileType = wrapper.framework; name = Accounts.framework; path = System/Library/Frameworks/Accounts.framework; sourceTree = SDKROOT; };
		6CB428271B96274800786ADD /* Social.framework */ = {isa = PBXFileReference; lastKnownFileType = wrapper.framework; name = Social.framework; path = System/Library/Frameworks/Social.framework; sourceTree = SDKROOT; };
/* End PBXFileReference section */

/* Begin PBXFrameworksBuildPhase section */
		6CB427C81B9509D600786ADD /* Frameworks */ = {
			isa = PBXFrameworksBuildPhase;
			buildActionMask = 2147483647;
			files = (
				6CB428291B96275500786ADD /* Social.framework in Frameworks */,
				6CB428261B96273E00786ADD /* Accounts.framework in Frameworks */,
				6CB428231B96271B00786ADD /* libsqlite3.dylib in Frameworks */,
				6CB428211B96270300786ADD /* libz.dylib in Frameworks */,
				6CB4281F1B9626F700786ADD /* SystemConfiguration.framework in Frameworks */,
				6CB4281C1B9626D900786ADD /* StoreKit.framework in Frameworks */,
				6CB428191B9626BF00786ADD /* Security.framework in Frameworks */,
				6CB428161B9626A800786ADD /* QuartzCore.framework in Frameworks */,
				6CB4280A1B961BF900786ADD /* CoreLocation.framework in Frameworks */,
				6CB428131B96268100786ADD /* CoreGraphics.framework in Frameworks */,
				6CB428101B96266800786ADD /* AudioToolbox.framework in Frameworks */,
				6CB4280F1B96265F00786ADD /* CFNetwork.framework in Frameworks */,
				6CB428001B9525C800786ADD /* Bolts.framework in Frameworks */,
				6CB427FE1B9525C000786ADD /* Parse.framework in Frameworks */,
				6CB428021B9525D400786ADD /* ParseUI.framework in Frameworks */,
				6CB427F51B950C6E00786ADD /* MapKit.framework in Frameworks */,
			);
			runOnlyForDeploymentPostprocessing = 0;
		};
		6CB427E11B9509D600786ADD /* Frameworks */ = {
			isa = PBXFrameworksBuildPhase;
			buildActionMask = 2147483647;
			files = (
			);
			runOnlyForDeploymentPostprocessing = 0;
		};
/* End PBXFrameworksBuildPhase section */

/* Begin PBXGroup section */
		6CB427C21B9509D600786ADD = {
			isa = PBXGroup;
			children = (
				6CB427CD1B9509D600786ADD /* sead40_hw5 */,
				6CB427E71B9509D600786ADD /* sead40_hw5Tests */,
				6CB427CC1B9509D600786ADD /* Products */,
			);
			sourceTree = "<group>";
		};
		6CB427CC1B9509D600786ADD /* Products */ = {
			isa = PBXGroup;
			children = (
				6CB427CB1B9509D600786ADD /* sead40_hw5.app */,
				6CB427E41B9509D600786ADD /* sead40_hw5Tests.xctest */,
			);
			name = Products;
			sourceTree = "<group>";
		};
		6CB427CD1B9509D600786ADD /* sead40_hw5 */ = {
			isa = PBXGroup;
			children = (
				6CB427D21B9509D600786ADD /* AppDelegate.h */,
				6CB427D31B9509D600786ADD /* AppDelegate.m */,
				6CB427F61B95207700786ADD /* Model */,
				6CB427F71B95207E00786ADD /* View */,
				6CB427F81B95208400786ADD /* Controller */,
				6CB427DB1B9509D600786ADD /* Images.xcassets */,
				6CB427CE1B9509D600786ADD /* Supporting Files */,
				6CB427F91B9520C000786ADD /* Frameworks */,
			);
			path = sead40_hw5;
			sourceTree = "<group>";
		};
		6CB427CE1B9509D600786ADD /* Supporting Files */ = {
			isa = PBXGroup;
			children = (
				6CB427CF1B9509D600786ADD /* Info.plist */,
				6CB427D01B9509D600786ADD /* main.m */,
			);
			name = "Supporting Files";
			sourceTree = "<group>";
		};
		6CB427E71B9509D600786ADD /* sead40_hw5Tests */ = {
			isa = PBXGroup;
			children = (
				6CB427EA1B9509D600786ADD /* sead40_hw5Tests.m */,
				6CB427E81B9509D600786ADD /* Supporting Files */,
			);
			path = sead40_hw5Tests;
			sourceTree = "<group>";
		};
		6CB427E81B9509D600786ADD /* Supporting Files */ = {
			isa = PBXGroup;
			children = (
				6CB427E91B9509D600786ADD /* Info.plist */,
			);
			name = "Supporting Files";
			sourceTree = "<group>";
		};
		6CB427F61B95207700786ADD /* Model */ = {
			isa = PBXGroup;
			children = (
				6CB427FA1B9524C400786ADD /* Person.h */,
				6CB427FB1B9524C400786ADD /* Person.m */,
				6CB428031B960E6000786ADD /* Queue.h */,
				6CB428041B960E6000786ADD /* Queue.m */,
				6CB428061B96150400786ADD /* Stack.h */,
				6CB428071B96150400786ADD /* Stack.m */,
			);
			name = Model;
			sourceTree = "<group>";
		};
		6CB427F71B95207E00786ADD /* View */ = {
			isa = PBXGroup;
			children = (
				6CB427D81B9509D600786ADD /* Main.storyboard */,
				6CB427DD1B9509D600786ADD /* LaunchScreen.xib */,
			);
			name = View;
			sourceTree = "<group>";
		};
		6CB427F81B95208400786ADD /* Controller */ = {
			isa = PBXGroup;
			children = (
				6CB427D51B9509D600786ADD /* ViewController.h */,
				6CB427D61B9509D600786ADD /* ViewController.m */,
			);
			name = Controller;
			sourceTree = "<group>";
		};
		6CB427F91B9520C000786ADD /* Frameworks */ = {
			isa = PBXGroup;
			children = (
				6CB428271B96274800786ADD /* Social.framework */,
				6CB428241B96273400786ADD /* Accounts.framework */,
				6CB428221B96271B00786ADD /* libsqlite3.dylib */,
				6CB428201B96270300786ADD /* libz.dylib */,
				6CB4281D1B9626E800786ADD /* SystemConfiguration.framework */,
				6CB4281A1B9626CB00786ADD /* StoreKit.framework */,
				6CB428171B9626B300786ADD /* Security.framework */,
				6CB428141B96269E00786ADD /* QuartzCore.framework */,
				6CB428111B96267300786ADD /* CoreGraphics.framework */,
				6CB4280D1B96263A00786ADD /* CFNetwork.framework */,
				6CB4280B1B96263100786ADD /* AudioToolbox.framework */,
				6CB428091B961BF900786ADD /* CoreLocation.framework */,
				6CB428011B9525D400786ADD /* ParseUI.framework */,
				6CB427FF1B9525C800786ADD /* Bolts.framework */,
				6CB427FD1B9525C000786ADD /* Parse.framework */,
				6CB427F41B950C6E00786ADD /* MapKit.framework */,
			);
			name = Frameworks;
			sourceTree = "<group>";
		};
/* End PBXGroup section */

/* Begin PBXNativeTarget section */
		6CB427CA1B9509D600786ADD /* sead40_hw5 */ = {
			isa = PBXNativeTarget;
			buildConfigurationList = 6CB427EE1B9509D700786ADD /* Build configuration list for PBXNativeTarget "sead40_hw5" */;
			buildPhases = (
				6CB427C71B9509D600786ADD /* Sources */,
				6CB427C81B9509D600786ADD /* Frameworks */,
				6CB427C91B9509D600786ADD /* Resources */,
			);
			buildRules = (
			);
			dependencies = (
			);
			name = sead40_hw5;
			productName = sead40_hw5;
			productReference = 6CB427CB1B9509D600786ADD /* sead40_hw5.app */;
			productType = "com.apple.product-type.application";
		};
		6CB427E31B9509D600786ADD /* sead40_hw5Tests */ = {
			isa = PBXNativeTarget;
			buildConfigurationList = 6CB427F11B9509D700786ADD /* Build configuration list for PBXNativeTarget "sead40_hw5Tests" */;
			buildPhases = (
				6CB427E01B9509D600786ADD /* Sources */,
				6CB427E11B9509D600786ADD /* Frameworks */,
				6CB427E21B9509D600786ADD /* Resources */,
			);
			buildRules = (
			);
			dependencies = (
				6CB427E61B9509D600786ADD /* PBXTargetDependency */,
			);
			name = sead40_hw5Tests;
			productName = sead40_hw5Tests;
			productReference = 6CB427E41B9509D600786ADD /* sead40_hw5Tests.xctest */;
			productType = "com.apple.product-type.bundle.unit-test";
		};
/* End PBXNativeTarget section */

/* Begin PBXProject section */
		6CB427C31B9509D600786ADD /* Project object */ = {
			isa = PBXProject;
			attributes = {
				LastUpgradeCheck = 0640;
				ORGANIZATIONNAME = jalvestech;
				TargetAttributes = {
					6CB427CA1B9509D600786ADD = {
						CreatedOnToolsVersion = 6.4;
						SystemCapabilities = {
							com.apple.Maps.iOS = {
								enabled = 1;
							};
						};
					};
					6CB427E31B9509D600786ADD = {
						CreatedOnToolsVersion = 6.4;
						TestTargetID = 6CB427CA1B9509D600786ADD;
					};
				};
			};
			buildConfigurationList = 6CB427C61B9509D600786ADD /* Build configuration list for PBXProject "sead40_hw5" */;
			compatibilityVersion = "Xcode 3.2";
			developmentRegion = English;
			hasScannedForEncodings = 0;
			knownRegions = (
				en,
				Base,
			);
			mainGroup = 6CB427C21B9509D600786ADD;
			productRefGroup = 6CB427CC1B9509D600786ADD /* Products */;
			projectDirPath = "";
			projectRoot = "";
			targets = (
				6CB427CA1B9509D600786ADD /* sead40_hw5 */,
				6CB427E31B9509D600786ADD /* sead40_hw5Tests */,
			);
		};
/* End PBXProject section */

/* Begin PBXResourcesBuildPhase section */
		6CB427C91B9509D600786ADD /* Resources */ = {
			isa = PBXResourcesBuildPhase;
			buildActionMask = 2147483647;
			files = (
				6CB427DA1B9509D600786ADD /* Main.storyboard in Resources */,
				6CB427DF1B9509D600786ADD /* LaunchScreen.xib in Resources */,
				6CB427DC1B9509D600786ADD /* Images.xcassets in Resources */,
			);
			runOnlyForDeploymentPostprocessing = 0;
		};
		6CB427E21B9509D600786ADD /* Resources */ = {
			isa = PBXResourcesBuildPhase;
			buildActionMask = 2147483647;
			files = (
			);
			runOnlyForDeploymentPostprocessing = 0;
		};
/* End PBXResourcesBuildPhase section */

/* Begin PBXSourcesBuildPhase section */
		6CB427C71B9509D600786ADD /* Sources */ = {
			isa = PBXSourcesBuildPhase;
			buildActionMask = 2147483647;
			files = (
				6CB428081B96150400786ADD /* Stack.m in Sources */,
				6CB428051B960E6000786ADD /* Queue.m in Sources */,
				6CB427D71B9509D600786ADD /* ViewController.m in Sources */,
				6CB427D41B9509D600786ADD /* AppDelegate.m in Sources */,
				6CB427FC1B9524C400786ADD /* Person.m in Sources */,
				6CB427D11B9509D600786ADD /* main.m in Sources */,
			);
			runOnlyForDeploymentPostprocessing = 0;
		};
		6CB427E01B9509D600786ADD /* Sources */ = {
			isa = PBXSourcesBuildPhase;
			buildActionMask = 2147483647;
			files = (
				6CB427EB1B9509D600786ADD /* sead40_hw5Tests.m in Sources */,
			);
			runOnlyForDeploymentPostprocessing = 0;
		};
/* End PBXSourcesBuildPhase section */

/* Begin PBXTargetDependency section */
		6CB427E61B9509D600786ADD /* PBXTargetDependency */ = {
			isa = PBXTargetDependency;
			target = 6CB427CA1B9509D600786ADD /* sead40_hw5 */;
			targetProxy = 6CB427E51B9509D600786ADD /* PBXContainerItemProxy */;
		};
/* End PBXTargetDependency section */

/* Begin PBXVariantGroup section */
		6CB427D81B9509D600786ADD /* Main.storyboard */ = {
			isa = PBXVariantGroup;
			children = (
				6CB427D91B9509D600786ADD /* Base */,
			);
			name = Main.storyboard;
			sourceTree = "<group>";
		};
		6CB427DD1B9509D600786ADD /* LaunchScreen.xib */ = {
			isa = PBXVariantGroup;
			children = (
				6CB427DE1B9509D600786ADD /* Base */,
			);
			name = LaunchScreen.xib;
			sourceTree = "<group>";
		};
/* End PBXVariantGroup section */

/* Begin XCBuildConfiguration section */
		6CB427EC1B9509D700786ADD /* Debug */ = {
			isa = XCBuildConfiguration;
			buildSettings = {
				ALWAYS_SEARCH_USER_PATHS = NO;
				CLANG_CXX_LANGUAGE_STANDARD = "gnu++0x";
				CLANG_CXX_LIBRARY = "libc++";
				CLANG_ENABLE_MODULES = YES;
				CLANG_ENABLE_OBJC_ARC = YES;
				CLANG_WARN_BOOL_CONVERSION = YES;
				CLANG_WARN_CONSTANT_CONVERSION = YES;
				CLANG_WARN_DIRECT_OBJC_ISA_USAGE = YES_ERROR;
				CLANG_WARN_EMPTY_BODY = YES;
				CLANG_WARN_ENUM_CONVERSION = YES;
				CLANG_WARN_INT_CONVERSION = YES;
				CLANG_WARN_OBJC_ROOT_CLASS = YES_ERROR;
				CLANG_WARN_UNREACHABLE_CODE = YES;
				CLANG_WARN__DUPLICATE_METHOD_MATCH = YES;
				"CODE_SIGN_IDENTITY[sdk=iphoneos*]" = "iPhone Developer";
				COPY_PHASE_STRIP = NO;
				DEBUG_INFORMATION_FORMAT = "dwarf-with-dsym";
				ENABLE_STRICT_OBJC_MSGSEND = YES;
				GCC_C_LANGUAGE_STANDARD = gnu99;
				GCC_DYNAMIC_NO_PIC = NO;
				GCC_NO_COMMON_BLOCKS = YES;
				GCC_OPTIMIZATION_LEVEL = 0;
				GCC_PREPROCESSOR_DEFINITIONS = (
					"DEBUG=1",
					"$(inherited)",
				);
				GCC_SYMBOLS_PRIVATE_EXTERN = NO;
				GCC_WARN_64_TO_32_BIT_CONVERSION = YES;
				GCC_WARN_ABOUT_RETURN_TYPE = YES_ERROR;
				GCC_WARN_UNDECLARED_SELECTOR = YES;
				GCC_WARN_UNINITIALIZED_AUTOS = YES_AGGRESSIVE;
				GCC_WARN_UNUSED_FUNCTION = YES;
				GCC_WARN_UNUSED_VARIABLE = YES;
				IPHONEOS_DEPLOYMENT_TARGET = 8.4;
				MTL_ENABLE_DEBUG_INFO = YES;
				ONLY_ACTIVE_ARCH = YES;
				SDKROOT = iphoneos;
			};
			name = Debug;
		};
		6CB427ED1B9509D700786ADD /* Release */ = {
			isa = XCBuildConfiguration;
			buildSettings = {
				ALWAYS_SEARCH_USER_PATHS = NO;
				CLANG_CXX_LANGUAGE_STANDARD = "gnu++0x";
				CLANG_CXX_LIBRARY = "libc++";
				CLANG_ENABLE_MODULES = YES;
				CLANG_ENABLE_OBJC_ARC = YES;
				CLANG_WARN_BOOL_CONVERSION = YES;
				CLANG_WARN_CONSTANT_CONVERSION = YES;
				CLANG_WARN_DIRECT_OBJC_ISA_USAGE = YES_ERROR;
				CLANG_WARN_EMPTY_BODY = YES;
				CLANG_WARN_ENUM_CONVERSION = YES;
				CLANG_WARN_INT_CONVERSION = YES;
				CLANG_WARN_OBJC_ROOT_CLASS = YES_ERROR;
				CLANG_WARN_UNREACHABLE_CODE = YES;
				CLANG_WARN__DUPLICATE_METHOD_MATCH = YES;
				"CODE_SIGN_IDENTITY[sdk=iphoneos*]" = "iPhone Developer";
				COPY_PHASE_STRIP = NO;
				DEBUG_INFORMATION_FORMAT = "dwarf-with-dsym";
				ENABLE_NS_ASSERTIONS = NO;
				ENABLE_STRICT_OBJC_MSGSEND = YES;
				GCC_C_LANGUAGE_STANDARD = gnu99;
				GCC_NO_COMMON_BLOCKS = YES;
				GCC_WARN_64_TO_32_BIT_CONVERSION = YES;
				GCC_WARN_ABOUT_RETURN_TYPE = YES_ERROR;
				GCC_WARN_UNDECLARED_SELECTOR = YES;
				GCC_WARN_UNINITIALIZED_AUTOS = YES_AGGRESSIVE;
				GCC_WARN_UNUSED_FUNCTION = YES;
				GCC_WARN_UNUSED_VARIABLE = YES;
				IPHONEOS_DEPLOYMENT_TARGET = 8.4;
				MTL_ENABLE_DEBUG_INFO = NO;
				SDKROOT = iphoneos;
				VALIDATE_PRODUCT = YES;
			};
			name = Release;
		};
		6CB427EF1B9509D700786ADD /* Debug */ = {
			isa = XCBuildConfiguration;
			buildSettings = {
				ASSETCATALOG_COMPILER_APPICON_NAME = AppIcon;
				FRAMEWORK_SEARCH_PATHS = (
					"$(inherited)",
					"$(PROJECT_DIR)/sead40_hw5",
				);
				INFOPLIST_FILE = sead40_hw5/Info.plist;
				LD_RUNPATH_SEARCH_PATHS = "$(inherited) @executable_path/Frameworks";
				PRODUCT_NAME = "$(TARGET_NAME)";
			};
			name = Debug;
		};
		6CB427F01B9509D700786ADD /* Release */ = {
			isa = XCBuildConfiguration;
			buildSettings = {
				ASSETCATALOG_COMPILER_APPICON_NAME = AppIcon;
				FRAMEWORK_SEARCH_PATHS = (
					"$(inherited)",
					"$(PROJECT_DIR)/sead40_hw5",
				);
				INFOPLIST_FILE = sead40_hw5/Info.plist;
				LD_RUNPATH_SEARCH_PATHS = "$(inherited) @executable_path/Frameworks";
				PRODUCT_NAME = "$(TARGET_NAME)";
			};
			name = Release;
		};
		6CB427F21B9509D700786ADD /* Debug */ = {
			isa = XCBuildConfiguration;
			buildSettings = {
				BUNDLE_LOADER = "$(TEST_HOST)";
				FRAMEWORK_SEARCH_PATHS = (
					"$(SDKROOT)/Developer/Library/Frameworks",
					"$(inherited)",
				);
				GCC_PREPROCESSOR_DEFINITIONS = (
					"DEBUG=1",
					"$(inherited)",
				);
				INFOPLIST_FILE = sead40_hw5Tests/Info.plist;
				LD_RUNPATH_SEARCH_PATHS = "$(inherited) @executable_path/Frameworks @loader_path/Frameworks";
				PRODUCT_NAME = "$(TARGET_NAME)";
				TEST_HOST = "$(BUILT_PRODUCTS_DIR)/sead40_hw5.app/sead40_hw5";
			};
			name = Debug;
		};
		6CB427F31B9509D700786ADD /* Release */ = {
			isa = XCBuildConfiguration;
			buildSettings = {
				BUNDLE_LOADER = "$(TEST_HOST)";
				FRAMEWORK_SEARCH_PATHS = (
					"$(SDKROOT)/Developer/Library/Frameworks",
					"$(inherited)",
				);
				INFOPLIST_FILE = sead40_hw5Tests/Info.plist;
				LD_RUNPATH_SEARCH_PATHS = "$(inherited) @executable_path/Frameworks @loader_path/Frameworks";
				PRODUCT_NAME = "$(TARGET_NAME)";
				TEST_HOST = "$(BUILT_PRODUCTS_DIR)/sead40_hw5.app/sead40_hw5";
			};
			name = Release;
		};
/* End XCBuildConfiguration section */

/* Begin XCConfigurationList section */
		6CB427C61B9509D600786ADD /* Build configuration list for PBXProject "sead40_hw5" */ = {
			isa = XCConfigurationList;
			buildConfigurations = (
				6CB427EC1B9509D700786ADD /* Debug */,
				6CB427ED1B9509D700786ADD /* Release */,
			);
			defaultConfigurationIsVisible = 0;
			defaultConfigurationName = Release;
		};
		6CB427EE1B9509D700786ADD /* Build configuration list for PBXNativeTarget "sead40_hw5" */ = {
			isa = XCConfigurationList;
			buildConfigurations = (
				6CB427EF1B9509D700786ADD /* Debug */,
				6CB427F01B9509D700786ADD /* Release */,
			);
			defaultConfigurationIsVisible = 0;
		};
		6CB427F11B9509D700786ADD /* Build configuration list for PBXNativeTarget "sead40_hw5Tests" */ = {
			isa = XCConfigurationList;
			buildConfigurations = (
				6CB427F21B9509D700786ADD /* Debug */,
				6CB427F31B9509D700786ADD /* Release */,
			);
			defaultConfigurationIsVisible = 0;
		};
/* End XCConfigurationList section */
	};
	rootObject = 6CB427C31B9509D600786ADD /* Project object */;
}
